
Microsoft Visual Studio Solution File, Format Version 12.00
# Visual Studio Version 17
VisualStudioVersion = 17.5.33530.505
MinimumVisualStudioVersion = 10.0.40219.1
Project("{FAE04EC0-301F-11D3-BF4B-00C04F79EFBC}") = "DataStructuresAndAlgorithms", "DataStructuresAndAlgorithms\DataStructuresAndAlgorithms.csproj", "{FA0B605B-0EE7-458C-8443-80F3D3011BC4}"
EndProject
Global
	GlobalSection(SolutionConfigurationPlatforms) = preSolution
		Debug|Any CPU = Debug|Any CPU
		Release|Any CPU = Release|Any CPU
	EndGlobalSection
	GlobalSection(ProjectConfigurationPlatforms) = postSolution
		{FA0B605B-0EE7-458C-8443-80F3D3011BC4}.Debug|Any CPU.ActiveCfg = Debug|Any CPU
		{FA0B605B-0EE7-458C-8443-80F3D3011BC4}.Debug|Any CPU.Build.0 = Debug|Any CPU
		{FA0B605B-0EE7-458C-8443-80F3D3011BC4}.Release|Any CPU.ActiveCfg = Release|Any CPU
		{FA0B605B-0EE7-458C-8443-80F3D3011BC4}.Release|Any CPU.Build.0 = Release|Any CPU
	EndGlobalSection
	GlobalSection(SolutionProperties) = preSolution
		HideSolutionNode = FALSE
	EndGlobalSection
	GlobalSection(ExtensibilityGlobals) = postSolution
		SolutionGuid = {E29F5F8C-8394-4A9D-A399-37E609D21CB1}
	EndGlobalSection
EndGlobal
